
Microsoft Visual Studio Solution File, Format Version 12.00
# Visual Studio Version 16
VisualStudioVersion = 16.0.30524.135
MinimumVisualStudioVersion = 10.0.40219.1
Project("{9A19103F-16F7-4668-BE54-9A1E7A4F7556}") = "DebugErrorRepro", "DebugErrorRepro.csproj", "{1F544A69-7CD4-43FF-B221-BB24144788F6}"
EndProject
Global
	GlobalSection(SolutionConfigurationPlatforms) = preSolution
		Debug|Any CPU = Debug|Any CPU
		Release|Any CPU = Release|Any CPU
	EndGlobalSection
	GlobalSection(ProjectConfigurationPlatforms) = postSolution
		{1F544A69-7CD4-43FF-B221-BB24144788F6}.Debug|Any CPU.ActiveCfg = Debug|Any CPU
		{1F544A69-7CD4-43FF-B221-BB24144788F6}.Debug|Any CPU.Build.0 = Debug|Any CPU
		{1F544A69-7CD4-43FF-B221-BB24144788F6}.Release|Any CPU.ActiveCfg = Release|Any CPU
		{1F544A69-7CD4-43FF-B221-BB24144788F6}.Release|Any CPU.Build.0 = Release|Any CPU
	EndGlobalSection
	GlobalSection(SolutionProperties) = preSolution
		HideSolutionNode = FALSE
	EndGlobalSection
	GlobalSection(ExtensibilityGlobals) = postSolution
		SolutionGuid = {3569CFDF-45CD-4678-AC94-5AF109FA8B36}
	EndGlobalSection
EndGlobal
